// !$*UTF8*$!
{
	archiveVersion = 1;
	classes = {
	};
	objectVersion = 46;
	objects = {

/* Begin PBXBuildFile section */
		661D471F1EFCFFA00075CA2F /* main.m in Sources */ = {isa = PBXBuildFile; fileRef = 661D471E1EFCFFA00075CA2F /* main.m */; };
		661D47221EFCFFA00075CA2F /* AppDelegate.m in Sources */ = {isa = PBXBuildFile; fileRef = 661D47211EFCFFA00075CA2F /* AppDelegate.m */; };
		661D47251EFCFFA00075CA2F /* ViewController.m in Sources */ = {isa = PBXBuildFile; fileRef = 661D47241EFCFFA00075CA2F /* ViewController.m */; };
		661D47281EFCFFA00075CA2F /* Main.storyboard in Resources */ = {isa = PBXBuildFile; fileRef = 661D47261EFCFFA00075CA2F /* Main.storyboard */; };
		661D472A1EFCFFA00075CA2F /* Assets.xcassets in Resources */ = {isa = PBXBuildFile; fileRef = 661D47291EFCFFA00075CA2F /* Assets.xcassets */; };
		661D472D1EFCFFA00075CA2F /* LaunchScreen.storyboard in Resources */ = {isa = PBXBuildFile; fileRef = 661D472B1EFCFFA00075CA2F /* LaunchScreen.storyboard */; };
		661D473A1EFD34360075CA2F /* BZDownloadOperation.m in Sources */ = {isa = PBXBuildFile; fileRef = 661D47391EFD34360075CA2F /* BZDownloadOperation.m */; };
		661D47731EFD3CAD0075CA2F /* AFHTTPSessionManager.m in Sources */ = {isa = PBXBuildFile; fileRef = 661D473F1EFD3CAD0075CA2F /* AFHTTPSessionManager.m */; };
		661D47741EFD3CAD0075CA2F /* AFNetworkReachabilityManager.m in Sources */ = {isa = PBXBuildFile; fileRef = 661D47421EFD3CAD0075CA2F /* AFNetworkReachabilityManager.m */; };
		661D47751EFD3CAD0075CA2F /* AFSecurityPolicy.m in Sources */ = {isa = PBXBuildFile; fileRef = 661D47441EFD3CAD0075CA2F /* AFSecurityPolicy.m */; };
		661D47761EFD3CAD0075CA2F /* AFURLRequestSerialization.m in Sources */ = {isa = PBXBuildFile; fileRef = 661D47461EFD3CAD0075CA2F /* AFURLRequestSerialization.m */; };
		661D47771EFD3CAD0075CA2F /* AFURLResponseSerialization.m in Sources */ = {isa = PBXBuildFile; fileRef = 661D47481EFD3CAD0075CA2F /* AFURLResponseSerialization.m */; };
		661D47781EFD3CAD0075CA2F /* AFURLSessionManager.m in Sources */ = {isa = PBXBuildFile; fileRef = 661D474A1EFD3CAD0075CA2F /* AFURLSessionManager.m */; };
		661D47791EFD3CAD0075CA2F /* MKAnnotationView+WebCache.m in Sources */ = {isa = PBXBuildFile; fileRef = 661D474D1EFD3CAD0075CA2F /* MKAnnotationView+WebCache.m */; };
		661D477A1EFD3CAD0075CA2F /* NSData+ImageContentType.m in Sources */ = {isa = PBXBuildFile; fileRef = 661D474F1EFD3CAD0075CA2F /* NSData+ImageContentType.m */; };
		661D477B1EFD3CAD0075CA2F /* SDImageCache.m in Sources */ = {isa = PBXBuildFile; fileRef = 661D47511EFD3CAD0075CA2F /* SDImageCache.m */; };
		661D477C1EFD3CAD0075CA2F /* SDWebImageCompat.m in Sources */ = {isa = PBXBuildFile; fileRef = 661D47531EFD3CAD0075CA2F /* SDWebImageCompat.m */; };
		661D477D1EFD3CAD0075CA2F /* SDWebImageDecoder.m in Sources */ = {isa = PBXBuildFile; fileRef = 661D47551EFD3CAD0075CA2F /* SDWebImageDecoder.m */; };
		661D477E1EFD3CAD0075CA2F /* SDWebImageDownloader.m in Sources */ = {isa = PBXBuildFile; fileRef = 661D47571EFD3CAD0075CA2F /* SDWebImageDownloader.m */; };
		661D477F1EFD3CAD0075CA2F /* SDWebImageDownloaderOperation.m in Sources */ = {isa = PBXBuildFile; fileRef = 661D47591EFD3CAD0075CA2F /* SDWebImageDownloaderOperation.m */; };
		661D47801EFD3CAD0075CA2F /* SDWebImageManager.m in Sources */ = {isa = PBXBuildFile; fileRef = 661D475B1EFD3CAD0075CA2F /* SDWebImageManager.m */; };
		661D47811EFD3CAD0075CA2F /* SDWebImagePrefetcher.m in Sources */ = {isa = PBXBuildFile; fileRef = 661D475E1EFD3CAD0075CA2F /* SDWebImagePrefetcher.m */; };
		661D47821EFD3CAD0075CA2F /* UIButton+WebCache.m in Sources */ = {isa = PBXBuildFile; fileRef = 661D47601EFD3CAD0075CA2F /* UIButton+WebCache.m */; };
		661D47831EFD3CAD0075CA2F /* UIImage+GIF.m in Sources */ = {isa = PBXBuildFile; fileRef = 661D47621EFD3CAD0075CA2F /* UIImage+GIF.m */; };
		661D47841EFD3CAD0075CA2F /* UIImage+MultiFormat.m in Sources */ = {isa = PBXBuildFile; fileRef = 661D47641EFD3CAD0075CA2F /* UIImage+MultiFormat.m */; };
		661D47851EFD3CAD0075CA2F /* UIImage+WebP.m in Sources */ = {isa = PBXBuildFile; fileRef = 661D47661EFD3CAD0075CA2F /* UIImage+WebP.m */; };
		661D47861EFD3CAD0075CA2F /* UIImageView+HighlightedWebCache.m in Sources */ = {isa = PBXBuildFile; fileRef = 661D47681EFD3CAD0075CA2F /* UIImageView+HighlightedWebCache.m */; };
		661D47871EFD3CAD0075CA2F /* UIImageView+WebCache.m in Sources */ = {isa = PBXBuildFile; fileRef = 661D476A1EFD3CAD0075CA2F /* UIImageView+WebCache.m */; };
		661D47881EFD3CAD0075CA2F /* UIView+WebCacheOperation.m in Sources */ = {isa = PBXBuildFile; fileRef = 661D476C1EFD3CAD0075CA2F /* UIView+WebCacheOperation.m */; };
		661D47891EFD3CAD0075CA2F /* NSObject+YYModel.m in Sources */ = {isa = PBXBuildFile; fileRef = 661D476F1EFD3CAD0075CA2F /* NSObject+YYModel.m */; };
		661D478A1EFD3CAD0075CA2F /* YYClassInfo.m in Sources */ = {isa = PBXBuildFile; fileRef = 661D47711EFD3CAD0075CA2F /* YYClassInfo.m */; };
		661D478D1EFD3D170075CA2F /* BZAppModel.m in Sources */ = {isa = PBXBuildFile; fileRef = 661D478C1EFD3D170075CA2F /* BZAppModel.m */; };
		661D480F1EFFD3C50075CA2F /* BZWebImageManager.m in Sources */ = {isa = PBXBuildFile; fileRef = 661D480E1EFFD3C50075CA2F /* BZWebImageManager.m */; };
		661D48121EFFDB030075CA2F /* NSString+path.m in Sources */ = {isa = PBXBuildFile; fileRef = 661D48111EFFDB030075CA2F /* NSString+path.m */; };
/* End PBXBuildFile section */

/* Begin PBXFileReference section */
		661D471A1EFCFFA00075CA2F /* SDWebImage(仿).app */ = {isa = PBXFileReference; explicitFileType = wrapper.application; includeInIndex = 0; path = "SDWebImage(仿).app"; sourceTree = BUILT_PRODUCTS_DIR; };
		661D471E1EFCFFA00075CA2F /* main.m */ = {isa = PBXFileReference; lastKnownFileType = sourcecode.c.objc; path = main.m; sourceTree = "<group>"; };
		661D47201EFCFFA00075CA2F /* AppDelegate.h */ = {isa = PBXFileReference; lastKnownFileType = sourcecode.c.h; path = AppDelegate.h; sourceTree = "<group>"; };
		661D47211EFCFFA00075CA2F /* AppDelegate.m */ = {isa = PBXFileReference; lastKnownFileType = sourcecode.c.objc; path = AppDelegate.m; sourceTree = "<group>"; };
		661D47231EFCFFA00075CA2F /* ViewController.h */ = {isa = PBXFileReference; lastKnownFileType = sourcecode.c.h; path = ViewController.h; sourceTree = "<group>"; };
		661D47241EFCFFA00075CA2F /* ViewController.m */ = {isa = PBXFileReference; lastKnownFileType = sourcecode.c.objc; path = ViewController.m; sourceTree = "<group>"; };
		661D47271EFCFFA00075CA2F /* Base */ = {isa = PBXFileReference; lastKnownFileType = file.storyboard; name = Base; path = Base.lproj/Main.storyboard; sourceTree = "<group>"; };
		661D47291EFCFFA00075CA2F /* Assets.xcassets */ = {isa = PBXFileReference; lastKnownFileType = folder.assetcatalog; path = Assets.xcassets; sourceTree = "<group>"; };
		661D472C1EFCFFA00075CA2F /* Base */ = {isa = PBXFileReference; lastKnownFileType = file.storyboard; name = Base; path = Base.lproj/LaunchScreen.storyboard; sourceTree = "<group>"; };
		661D472E1EFCFFA00075CA2F /* Info.plist */ = {isa = PBXFileReference; lastKnownFileType = text.plist.xml; path = Info.plist; sourceTree = "<group>"; };
		661D47381EFD34360075CA2F /* BZDownloadOperation.h */ = {isa = PBXFileReference; fileEncoding = 4; lastKnownFileType = sourcecode.c.h; path = BZDownloadOperation.h; sourceTree = "<group>"; };
		661D47391EFD34360075CA2F /* BZDownloadOperation.m */ = {isa = PBXFileReference; fileEncoding = 4; lastKnownFileType = sourcecode.c.objc; path = BZDownloadOperation.m; sourceTree = "<group>"; };
		661D473E1EFD3CAD0075CA2F /* AFHTTPSessionManager.h */ = {isa = PBXFileReference; fileEncoding = 4; lastKnownFileType = sourcecode.c.h; path = AFHTTPSessionManager.h; sourceTree = "<group>"; };
		661D473F1EFD3CAD0075CA2F /* AFHTTPSessionManager.m */ = {isa = PBXFileReference; fileEncoding = 4; lastKnownFileType = sourcecode.c.objc; path = AFHTTPSessionManager.m; sourceTree = "<group>"; };
		661D47401EFD3CAD0075CA2F /* AFNetworking.h */ = {isa = PBXFileReference; fileEncoding = 4; lastKnownFileType = sourcecode.c.h; path = AFNetworking.h; sourceTree = "<group>"; };
		661D47411EFD3CAD0075CA2F /* AFNetworkReachabilityManager.h */ = {isa = PBXFileReference; fileEncoding = 4; lastKnownFileType = sourcecode.c.h; path = AFNetworkReachabilityManager.h; sourceTree = "<group>"; };
		661D47421EFD3CAD0075CA2F /* AFNetworkReachabilityManager.m */ = {isa = PBXFileReference; fileEncoding = 4; lastKnownFileType = sourcecode.c.objc; path = AFNetworkReachabilityManager.m; sourceTree = "<group>"; };
		661D47431EFD3CAD0075CA2F /* AFSecurityPolicy.h */ = {isa = PBXFileReference; fileEncoding = 4; lastKnownFileType = sourcecode.c.h; path = AFSecurityPolicy.h; sourceTree = "<group>"; };
		661D47441EFD3CAD0075CA2F /* AFSecurityPolicy.m */ = {isa = PBXFileReference; fileEncoding = 4; lastKnownFileType = sourcecode.c.objc; path = AFSecurityPolicy.m; sourceTree = "<group>"; };
		661D47451EFD3CAD0075CA2F /* AFURLRequestSerialization.h */ = {isa = PBXFileReference; fileEncoding = 4; lastKnownFileType = sourcecode.c.h; path = AFURLRequestSerialization.h; sourceTree = "<group>"; };
		661D47461EFD3CAD0075CA2F /* AFURLRequestSerialization.m */ = {isa = PBXFileReference; fileEncoding = 4; lastKnownFileType = sourcecode.c.objc; path = AFURLRequestSerialization.m; sourceTree = "<group>"; };
		661D47471EFD3CAD0075CA2F /* AFURLResponseSerialization.h */ = {isa = PBXFileReference; fileEncoding = 4; lastKnownFileType = sourcecode.c.h; path = AFURLResponseSerialization.h; sourceTree = "<group>"; };
		661D47481EFD3CAD0075CA2F /* AFURLResponseSerialization.m */ = {isa = PBXFileReference; fileEncoding = 4; lastKnownFileType = sourcecode.c.objc; path = AFURLResponseSerialization.m; sourceTree = "<group>"; };
		661D47491EFD3CAD0075CA2F /* AFURLSessionManager.h */ = {isa = PBXFileReference; fileEncoding = 4; lastKnownFileType = sourcecode.c.h; path = AFURLSessionManager.h; sourceTree = "<group>"; };
		661D474A1EFD3CAD0075CA2F /* AFURLSessionManager.m */ = {isa = PBXFileReference; fileEncoding = 4; lastKnownFileType = sourcecode.c.objc; path = AFURLSessionManager.m; sourceTree = "<group>"; };
		661D474C1EFD3CAD0075CA2F /* MKAnnotationView+WebCache.h */ = {isa = PBXFileReference; fileEncoding = 4; lastKnownFileType = sourcecode.c.h; path = "MKAnnotationView+WebCache.h"; sourceTree = "<group>"; };
		661D474D1EFD3CAD0075CA2F /* MKAnnotationView+WebCache.m */ = {isa = PBXFileReference; fileEncoding = 4; lastKnownFileType = sourcecode.c.objc; path = "MKAnnotationView+WebCache.m"; sourceTree = "<group>"; };
		661D474E1EFD3CAD0075CA2F /* NSData+ImageContentType.h */ = {isa = PBXFileReference; fileEncoding = 4; lastKnownFileType = sourcecode.c.h; path = "NSData+ImageContentType.h"; sourceTree = "<group>"; };
		661D474F1EFD3CAD0075CA2F /* NSData+ImageContentType.m */ = {isa = PBXFileReference; fileEncoding = 4; lastKnownFileType = sourcecode.c.objc; path = "NSData+ImageContentType.m"; sourceTree = "<group>"; };
		661D47501EFD3CAD0075CA2F /* SDImageCache.h */ = {isa = PBXFileReference; fileEncoding = 4; lastKnownFileType = sourcecode.c.h; path = SDImageCache.h; sourceTree = "<group>"; };
		661D47511EFD3CAD0075CA2F /* SDImageCache.m */ = {isa = PBXFileReference; fileEncoding = 4; lastKnownFileType = sourcecode.c.objc; path = SDImageCache.m; sourceTree = "<group>"; };
		661D47521EFD3CAD0075CA2F /* SDWebImageCompat.h */ = {isa = PBXFileReference; fileEncoding = 4; lastKnownFileType = sourcecode.c.h; path = SDWebImageCompat.h; sourceTree = "<group>"; };
		661D47531EFD3CAD0075CA2F /* SDWebImageCompat.m */ = {isa = PBXFileReference; fileEncoding = 4; lastKnownFileType = sourcecode.c.objc; path = SDWebImageCompat.m; sourceTree = "<group>"; };
		661D47541EFD3CAD0075CA2F /* SDWebImageDecoder.h */ = {isa = PBXFileReference; fileEncoding = 4; lastKnownFileType = sourcecode.c.h; path = SDWebImageDecoder.h; sourceTree = "<group>"; };
		661D47551EFD3CAD0075CA2F /* SDWebImageDecoder.m */ = {isa = PBXFileReference; fileEncoding = 4; lastKnownFileType = sourcecode.c.objc; path = SDWebImageDecoder.m; sourceTree = "<group>"; };
		661D47561EFD3CAD0075CA2F /* SDWebImageDownloader.h */ = {isa = PBXFileReference; fileEncoding = 4; lastKnownFileType = sourcecode.c.h; path = SDWebImageDownloader.h; sourceTree = "<group>"; };
		661D47571EFD3CAD0075CA2F /* SDWebImageDownloader.m */ = {isa = PBXFileReference; fileEncoding = 4; lastKnownFileType = sourcecode.c.objc; path = SDWebImageDownloader.m; sourceTree = "<group>"; };
		661D47581EFD3CAD0075CA2F /* SDWebImageDownloaderOperation.h */ = {isa = PBXFileReference; fileEncoding = 4; lastKnownFileType = sourcecode.c.h; path = SDWebImageDownloaderOperation.h; sourceTree = "<group>"; };
		661D47591EFD3CAD0075CA2F /* SDWebImageDownloaderOperation.m */ = {isa = PBXFileReference; fileEncoding = 4; lastKnownFileType = sourcecode.c.objc; path = SDWebImageDownloaderOperation.m; sourceTree = "<group>"; };
		661D475A1EFD3CAD0075CA2F /* SDWebImageManager.h */ = {isa = PBXFileReference; fileEncoding = 4; lastKnownFileType = sourcecode.c.h; path = SDWebImageManager.h; sourceTree = "<group>"; };
		661D475B1EFD3CAD0075CA2F /* SDWebImageManager.m */ = {isa = PBXFileReference; fileEncoding = 4; lastKnownFileType = sourcecode.c.objc; path = SDWebImageManager.m; sourceTree = "<group>"; };
		661D475C1EFD3CAD0075CA2F /* SDWebImageOperation.h */ = {isa = PBXFileReference; fileEncoding = 4; lastKnownFileType = sourcecode.c.h; path = SDWebImageOperation.h; sourceTree = "<group>"; };
		661D475D1EFD3CAD0075CA2F /* SDWebImagePrefetcher.h */ = {isa = PBXFileReference; fileEncoding = 4; lastKnownFileType = sourcecode.c.h; path = SDWebImagePrefetcher.h; sourceTree = "<group>"; };
		661D475E1EFD3CAD0075CA2F /* SDWebImagePrefetcher.m */ = {isa = PBXFileReference; fileEncoding = 4; lastKnownFileType = sourcecode.c.objc; path = SDWebImagePrefetcher.m; sourceTree = "<group>"; };
		661D475F1EFD3CAD0075CA2F /* UIButton+WebCache.h */ = {isa = PBXFileReference; fileEncoding = 4; lastKnownFileType = sourcecode.c.h; path = "UIButton+WebCache.h"; sourceTree = "<group>"; };
		661D47601EFD3CAD0075CA2F /* UIButton+WebCache.m */ = {isa = PBXFileReference; fileEncoding = 4; lastKnownFileType = sourcecode.c.objc; path = "UIButton+WebCache.m"; sourceTree = "<group>"; };
		661D47611EFD3CAD0075CA2F /* UIImage+GIF.h */ = {isa = PBXFileReference; fileEncoding = 4; lastKnownFileType = sourcecode.c.h; path = "UIImage+GIF.h"; sourceTree = "<group>"; };
		661D47621EFD3CAD0075CA2F /* UIImage+GIF.m */ = {isa = PBXFileReference; fileEncoding = 4; lastKnownFileType = sourcecode.c.objc; path = "UIImage+GIF.m"; sourceTree = "<group>"; };
		661D47631EFD3CAD0075CA2F /* UIImage+MultiFormat.h */ = {isa = PBXFileReference; fileEncoding = 4; lastKnownFileType = sourcecode.c.h; path = "UIImage+MultiFormat.h"; sourceTree = "<group>"; };
		661D47641EFD3CAD0075CA2F /* UIImage+MultiFormat.m */ = {isa = PBXFileReference; fileEncoding = 4; lastKnownFileType = sourcecode.c.objc; path = "UIImage+MultiFormat.m"; sourceTree = "<group>"; };
		661D47651EFD3CAD0075CA2F /* UIImage+WebP.h */ = {isa = PBXFileReference; fileEncoding = 4; lastKnownFileType = sourcecode.c.h; path = "UIImage+WebP.h"; sourceTree = "<group>"; };
		661D47661EFD3CAD0075CA2F /* UIImage+WebP.m */ = {isa = PBXFileReference; fileEncoding = 4; lastKnownFileType = sourcecode.c.objc; path = "UIImage+WebP.m"; sourceTree = "<group>"; };
		661D47671EFD3CAD0075CA2F /* UIImageView+HighlightedWebCache.h */ = {isa = PBXFileReference; fileEncoding = 4; lastKnownFileType = sourcecode.c.h; path = "UIImageView+HighlightedWebCache.h"; sourceTree = "<group>"; };
		661D47681EFD3CAD0075CA2F /* UIImageView+HighlightedWebCache.m */ = {isa = PBXFileReference; fileEncoding = 4; lastKnownFileType = sourcecode.c.objc; path = "UIImageView+HighlightedWebCache.m"; sourceTree = "<group>"; };
		661D47691EFD3CAD0075CA2F /* UIImageView+WebCache.h */ = {isa = PBXFileReference; fileEncoding = 4; lastKnownFileType = sourcecode.c.h; path = "UIImageView+WebCache.h"; sourceTree = "<group>"; };
		661D476A1EFD3CAD0075CA2F /* UIImageView+WebCache.m */ = {isa = PBXFileReference; fileEncoding = 4; lastKnownFileType = sourcecode.c.objc; path = "UIImageView+WebCache.m"; sourceTree = "<group>"; };
		661D476B1EFD3CAD0075CA2F /* UIView+WebCacheOperation.h */ = {isa = PBXFileReference; fileEncoding = 4; lastKnownFileType = sourcecode.c.h; path = "UIView+WebCacheOperation.h"; sourceTree = "<group>"; };
		661D476C1EFD3CAD0075CA2F /* UIView+WebCacheOperation.m */ = {isa = PBXFileReference; fileEncoding = 4; lastKnownFileType = sourcecode.c.objc; path = "UIView+WebCacheOperation.m"; sourceTree = "<group>"; };
		661D476E1EFD3CAD0075CA2F /* NSObject+YYModel.h */ = {isa = PBXFileReference; fileEncoding = 4; lastKnownFileType = sourcecode.c.h; path = "NSObject+YYModel.h"; sourceTree = "<group>"; };
		661D476F1EFD3CAD0075CA2F /* NSObject+YYModel.m */ = {isa = PBXFileReference; fileEncoding = 4; lastKnownFileType = sourcecode.c.objc; path = "NSObject+YYModel.m"; sourceTree = "<group>"; };
		661D47701EFD3CAD0075CA2F /* YYClassInfo.h */ = {isa = PBXFileReference; fileEncoding = 4; lastKnownFileType = sourcecode.c.h; path = YYClassInfo.h; sourceTree = "<group>"; };
		661D47711EFD3CAD0075CA2F /* YYClassInfo.m */ = {isa = PBXFileReference; fileEncoding = 4; lastKnownFileType = sourcecode.c.objc; path = YYClassInfo.m; sourceTree = "<group>"; };
		661D47721EFD3CAD0075CA2F /* YYModel.h */ = {isa = PBXFileReference; fileEncoding = 4; lastKnownFileType = sourcecode.c.h; path = YYModel.h; sourceTree = "<group>"; };
		661D478B1EFD3D170075CA2F /* BZAppModel.h */ = {isa = PBXFileReference; fileEncoding = 4; lastKnownFileType = sourcecode.c.h; path = BZAppModel.h; sourceTree = "<group>"; };
		661D478C1EFD3D170075CA2F /* BZAppModel.m */ = {isa = PBXFileReference; fileEncoding = 4; lastKnownFileType = sourcecode.c.objc; path = BZAppModel.m; sourceTree = "<group>"; };
		661D480D1EFFD3C50075CA2F /* BZWebImageManager.h */ = {isa = PBXFileReference; fileEncoding = 4; lastKnownFileType = sourcecode.c.h; path = BZWebImageManager.h; sourceTree = "<group>"; };
		661D480E1EFFD3C50075CA2F /* BZWebImageManager.m */ = {isa = PBXFileReference; fileEncoding = 4; lastKnownFileType = sourcecode.c.objc; path = BZWebImageManager.m; sourceTree = "<group>"; };
		661D48101EFFDB030075CA2F /* NSString+path.h */ = {isa = PBXFileReference; fileEncoding = 4; lastKnownFileType = sourcecode.c.h; path = "NSString+path.h"; sourceTree = "<group>"; };
		661D48111EFFDB030075CA2F /* NSString+path.m */ = {isa = PBXFileReference; fileEncoding = 4; lastKnownFileType = sourcecode.c.objc; path = "NSString+path.m"; sourceTree = "<group>"; };
/* End PBXFileReference section */

/* Begin PBXFrameworksBuildPhase section */
		661D47171EFCFFA00075CA2F /* Frameworks */ = {
			isa = PBXFrameworksBuildPhase;
			buildActionMask = 2147483647;
			files = (
			);
			runOnlyForDeploymentPostprocessing = 0;
		};
/* End PBXFrameworksBuildPhase section */

/* Begin PBXGroup section */
		661D47111EFCFFA00075CA2F = {
			isa = PBXGroup;
			children = (
				661D471C1EFCFFA00075CA2F /* SDWebImage(仿) */,
				661D471B1EFCFFA00075CA2F /* Products */,
			);
			sourceTree = "<group>";
		};
		661D471B1EFCFFA00075CA2F /* Products */ = {
			isa = PBXGroup;
			children = (
				661D471A1EFCFFA00075CA2F /* SDWebImage(仿).app */,
			);
			name = Products;
			sourceTree = "<group>";
		};
		661D471C1EFCFFA00075CA2F /* SDWebImage(仿) */ = {
			isa = PBXGroup;
			children = (
				661D47201EFCFFA00075CA2F /* AppDelegate.h */,
				661D47211EFCFFA00075CA2F /* AppDelegate.m */,
				661D47231EFCFFA00075CA2F /* ViewController.h */,
				661D47241EFCFFA00075CA2F /* ViewController.m */,
				661D478B1EFD3D170075CA2F /* BZAppModel.h */,
				661D478C1EFD3D170075CA2F /* BZAppModel.m */,
				661D473B1EFD34400075CA2F /* BZFSDWebImage */,
				661D473C1EFD3CAD0075CA2F /* ThirdLib */,
				661D47261EFCFFA00075CA2F /* Main.storyboard */,
				661D47291EFCFFA00075CA2F /* Assets.xcassets */,
				661D472B1EFCFFA00075CA2F /* LaunchScreen.storyboard */,
				661D472E1EFCFFA00075CA2F /* Info.plist */,
				661D471D1EFCFFA00075CA2F /* Supporting Files */,
			);
			path = "SDWebImage(仿)";
			sourceTree = "<group>";
		};
		661D471D1EFCFFA00075CA2F /* Supporting Files */ = {
			isa = PBXGroup;
			children = (
				661D471E1EFCFFA00075CA2F /* main.m */,
			);
			name = "Supporting Files";
			sourceTree = "<group>";
		};
		661D473B1EFD34400075CA2F /* BZFSDWebImage */ = {
			isa = PBXGroup;
			children = (
				661D47381EFD34360075CA2F /* BZDownloadOperation.h */,
				661D47391EFD34360075CA2F /* BZDownloadOperation.m */,
				661D480D1EFFD3C50075CA2F /* BZWebImageManager.h */,
				661D480E1EFFD3C50075CA2F /* BZWebImageManager.m */,
				661D48101EFFDB030075CA2F /* NSString+path.h */,
				661D48111EFFDB030075CA2F /* NSString+path.m */,
			);
			name = BZFSDWebImage;
			sourceTree = "<group>";
		};
		661D473C1EFD3CAD0075CA2F /* ThirdLib */ = {
			isa = PBXGroup;
			children = (
				661D473D1EFD3CAD0075CA2F /* AFNetworking */,
				661D474B1EFD3CAD0075CA2F /* SDWebImage */,
				661D476D1EFD3CAD0075CA2F /* YYModel */,
			);
			path = ThirdLib;
			sourceTree = "<group>";
		};
		661D473D1EFD3CAD0075CA2F /* AFNetworking */ = {
			isa = PBXGroup;
			children = (
				661D473E1EFD3CAD0075CA2F /* AFHTTPSessionManager.h */,
				661D473F1EFD3CAD0075CA2F /* AFHTTPSessionManager.m */,
				661D47401EFD3CAD0075CA2F /* AFNetworking.h */,
				661D47411EFD3CAD0075CA2F /* AFNetworkReachabilityManager.h */,
				661D47421EFD3CAD0075CA2F /* AFNetworkReachabilityManager.m */,
				661D47431EFD3CAD0075CA2F /* AFSecurityPolicy.h */,
				661D47441EFD3CAD0075CA2F /* AFSecurityPolicy.m */,
				661D47451EFD3CAD0075CA2F /* AFURLRequestSerialization.h */,
				661D47461EFD3CAD0075CA2F /* AFURLRequestSerialization.m */,
				661D47471EFD3CAD0075CA2F /* AFURLResponseSerialization.h */,
				661D47481EFD3CAD0075CA2F /* AFURLResponseSerialization.m */,
				661D47491EFD3CAD0075CA2F /* AFURLSessionManager.h */,
				661D474A1EFD3CAD0075CA2F /* AFURLSessionManager.m */,
			);
			path = AFNetworking;
			sourceTree = "<group>";
		};
		661D474B1EFD3CAD0075CA2F /* SDWebImage */ = {
			isa = PBXGroup;
			children = (
				661D474C1EFD3CAD0075CA2F /* MKAnnotationView+WebCache.h */,
				661D474D1EFD3CAD0075CA2F /* MKAnnotationView+WebCache.m */,
				661D474E1EFD3CAD0075CA2F /* NSData+ImageContentType.h */,
				661D474F1EFD3CAD0075CA2F /* NSData+ImageContentType.m */,
				661D47501EFD3CAD0075CA2F /* SDImageCache.h */,
				661D47511EFD3CAD0075CA2F /* SDImageCache.m */,
				661D47521EFD3CAD0075CA2F /* SDWebImageCompat.h */,
				661D47531EFD3CAD0075CA2F /* SDWebImageCompat.m */,
				661D47541EFD3CAD0075CA2F /* SDWebImageDecoder.h */,
				661D47551EFD3CAD0075CA2F /* SDWebImageDecoder.m */,
				661D47561EFD3CAD0075CA2F /* SDWebImageDownloader.h */,
				661D47571EFD3CAD0075CA2F /* SDWebImageDownloader.m */,
				661D47581EFD3CAD0075CA2F /* SDWebImageDownloaderOperation.h */,
				661D47591EFD3CAD0075CA2F /* SDWebImageDownloaderOperation.m */,
				661D475A1EFD3CAD0075CA2F /* SDWebImageManager.h */,
				661D475B1EFD3CAD0075CA2F /* SDWebImageManager.m */,
				661D475C1EFD3CAD0075CA2F /* SDWebImageOperation.h */,
				661D475D1EFD3CAD0075CA2F /* SDWebImagePrefetcher.h */,
				661D475E1EFD3CAD0075CA2F /* SDWebImagePrefetcher.m */,
				661D475F1EFD3CAD0075CA2F /* UIButton+WebCache.h */,
				661D47601EFD3CAD0075CA2F /* UIButton+WebCache.m */,
				661D47611EFD3CAD0075CA2F /* UIImage+GIF.h */,
				661D47621EFD3CAD0075CA2F /* UIImage+GIF.m */,
				661D47631EFD3CAD0075CA2F /* UIImage+MultiFormat.h */,
				661D47641EFD3CAD0075CA2F /* UIImage+MultiFormat.m */,
				661D47651EFD3CAD0075CA2F /* UIImage+WebP.h */,
				661D47661EFD3CAD0075CA2F /* UIImage+WebP.m */,
				661D47671EFD3CAD0075CA2F /* UIImageView+HighlightedWebCache.h */,
				661D47681EFD3CAD0075CA2F /* UIImageView+HighlightedWebCache.m */,
				661D47691EFD3CAD0075CA2F /* UIImageView+WebCache.h */,
				661D476A1EFD3CAD0075CA2F /* UIImageView+WebCache.m */,
				661D476B1EFD3CAD0075CA2F /* UIView+WebCacheOperation.h */,
				661D476C1EFD3CAD0075CA2F /* UIView+WebCacheOperation.m */,
			);
			path = SDWebImage;
			sourceTree = "<group>";
		};
		661D476D1EFD3CAD0075CA2F /* YYModel */ = {
			isa = PBXGroup;
			children = (
				661D476E1EFD3CAD0075CA2F /* NSObject+YYModel.h */,
				661D476F1EFD3CAD0075CA2F /* NSObject+YYModel.m */,
				661D47701EFD3CAD0075CA2F /* YYClassInfo.h */,
				661D47711EFD3CAD0075CA2F /* YYClassInfo.m */,
				661D47721EFD3CAD0075CA2F /* YYModel.h */,
			);
			path = YYModel;
			sourceTree = "<group>";
		};
/* End PBXGroup section */

/* Begin PBXNativeTarget section */
		661D47191EFCFFA00075CA2F /* SDWebImage(仿) */ = {
			isa = PBXNativeTarget;
			buildConfigurationList = 661D47311EFCFFA00075CA2F /* Build configuration list for PBXNativeTarget "SDWebImage(仿)" */;
			buildPhases = (
				661D47161EFCFFA00075CA2F /* Sources */,
				661D47171EFCFFA00075CA2F /* Frameworks */,
				661D47181EFCFFA00075CA2F /* Resources */,
			);
			buildRules = (
			);
			dependencies = (
			);
			name = "SDWebImage(仿)";
			productName = "SDWebImage(仿)";
			productReference = 661D471A1EFCFFA00075CA2F /* SDWebImage(仿).app */;
			productType = "com.apple.product-type.application";
		};
/* End PBXNativeTarget section */

/* Begin PBXProject section */
		661D47121EFCFFA00075CA2F /* Project object */ = {
			isa = PBXProject;
			attributes = {
				CLASSPREFIX = BZ;
				LastUpgradeCheck = 0830;
				ORGANIZATIONNAME = zzx;
				TargetAttributes = {
					661D47191EFCFFA00075CA2F = {
						CreatedOnToolsVersion = 8.3.2;
						ProvisioningStyle = Automatic;
					};
				};
			};
			buildConfigurationList = 661D47151EFCFFA00075CA2F /* Build configuration list for PBXProject "SDWebImage(仿)" */;
			compatibilityVersion = "Xcode 3.2";
			developmentRegion = English;
			hasScannedForEncodings = 0;
			knownRegions = (
				en,
				Base,
			);
			mainGroup = 661D47111EFCFFA00075CA2F;
			productRefGroup = 661D471B1EFCFFA00075CA2F /* Products */;
			projectDirPath = "";
			projectRoot = "";
			targets = (
				661D47191EFCFFA00075CA2F /* SDWebImage(仿) */,
			);
		};
/* End PBXProject section */

/* Begin PBXResourcesBuildPhase section */
		661D47181EFCFFA00075CA2F /* Resources */ = {
			isa = PBXResourcesBuildPhase;
			buildActionMask = 2147483647;
			files = (
				661D472D1EFCFFA00075CA2F /* LaunchScreen.storyboard in Resources */,
				661D472A1EFCFFA00075CA2F /* Assets.xcassets in Resources */,
				661D47281EFCFFA00075CA2F /* Main.storyboard in Resources */,
			);
			runOnlyForDeploymentPostprocessing = 0;
		};
/* End PBXResourcesBuildPhase section */

/* Begin PBXSourcesBuildPhase section */
		661D47161EFCFFA00075CA2F /* Sources */ = {
			isa = PBXSourcesBuildPhase;
			buildActionMask = 2147483647;
			files = (
				661D47891EFD3CAD0075CA2F /* NSObject+YYModel.m in Sources */,
				661D47751EFD3CAD0075CA2F /* AFSecurityPolicy.m in Sources */,
				661D47791EFD3CAD0075CA2F /* MKAnnotationView+WebCache.m in Sources */,
				661D47771EFD3CAD0075CA2F /* AFURLResponseSerialization.m in Sources */,
				661D47811EFD3CAD0075CA2F /* SDWebImagePrefetcher.m in Sources */,
				661D47801EFD3CAD0075CA2F /* SDWebImageManager.m in Sources */,
				661D47251EFCFFA00075CA2F /* ViewController.m in Sources */,
				661D48121EFFDB030075CA2F /* NSString+path.m in Sources */,
				661D473A1EFD34360075CA2F /* BZDownloadOperation.m in Sources */,
				661D480F1EFFD3C50075CA2F /* BZWebImageManager.m in Sources */,
				661D478D1EFD3D170075CA2F /* BZAppModel.m in Sources */,
				661D47871EFD3CAD0075CA2F /* UIImageView+WebCache.m in Sources */,
				661D477C1EFD3CAD0075CA2F /* SDWebImageCompat.m in Sources */,
				661D47731EFD3CAD0075CA2F /* AFHTTPSessionManager.m in Sources */,
				661D477D1EFD3CAD0075CA2F /* SDWebImageDecoder.m in Sources */,
				661D47841EFD3CAD0075CA2F /* UIImage+MultiFormat.m in Sources */,
				661D47851EFD3CAD0075CA2F /* UIImage+WebP.m in Sources */,
				661D477F1EFD3CAD0075CA2F /* SDWebImageDownloaderOperation.m in Sources */,
				661D47881EFD3CAD0075CA2F /* UIView+WebCacheOperation.m in Sources */,
				661D477E1EFD3CAD0075CA2F /* SDWebImageDownloader.m in Sources */,
				661D47831EFD3CAD0075CA2F /* UIImage+GIF.m in Sources */,
				661D47781EFD3CAD0075CA2F /* AFURLSessionManager.m in Sources */,
				661D47221EFCFFA00075CA2F /* AppDelegate.m in Sources */,
				661D478A1EFD3CAD0075CA2F /* YYClassInfo.m in Sources */,
				661D47741EFD3CAD0075CA2F /* AFNetworkReachabilityManager.m in Sources */,
				661D47861EFD3CAD0075CA2F /* UIImageView+HighlightedWebCache.m in Sources */,
				661D471F1EFCFFA00075CA2F /* main.m in Sources */,
				661D477B1EFD3CAD0075CA2F /* SDImageCache.m in Sources */,
				661D47821EFD3CAD0075CA2F /* UIButton+WebCache.m in Sources */,
				661D477A1EFD3CAD0075CA2F /* NSData+ImageContentType.m in Sources */,
				661D47761EFD3CAD0075CA2F /* AFURLRequestSerialization.m in Sources */,
			);
			runOnlyForDeploymentPostprocessing = 0;
		};
/* End PBXSourcesBuildPhase section */

/* Begin PBXVariantGroup section */
		661D47261EFCFFA00075CA2F /* Main.storyboard */ = {
			isa = PBXVariantGroup;
			children = (
				661D47271EFCFFA00075CA2F /* Base */,
			);
			name = Main.storyboard;
			sourceTree = "<group>";
		};
		661D472B1EFCFFA00075CA2F /* LaunchScreen.storyboard */ = {
			isa = PBXVariantGroup;
			children = (
				661D472C1EFCFFA00075CA2F /* Base */,
			);
			name = LaunchScreen.storyboard;
			sourceTree = "<group>";
		};
/* End PBXVariantGroup section */

/* Begin XCBuildConfiguration section */
		661D472F1EFCFFA00075CA2F /* Debug */ = {
			isa = XCBuildConfiguration;
			buildSettings = {
				ALWAYS_SEARCH_USER_PATHS = NO;
				CLANG_ANALYZER_NONNULL = YES;
				CLANG_ANALYZER_NUMBER_OBJECT_CONVERSION = YES_AGGRESSIVE;
				CLANG_CXX_LANGUAGE_STANDARD = "gnu++0x";
				CLANG_CXX_LIBRARY = "libc++";
				CLANG_ENABLE_MODULES = YES;
				CLANG_ENABLE_OBJC_ARC = YES;
				CLANG_WARN_BOOL_CONVERSION = YES;
				CLANG_WARN_CONSTANT_CONVERSION = YES;
				CLANG_WARN_DIRECT_OBJC_ISA_USAGE = YES_ERROR;
				CLANG_WARN_DOCUMENTATION_COMMENTS = YES;
				CLANG_WARN_EMPTY_BODY = YES;
				CLANG_WARN_ENUM_CONVERSION = YES;
				CLANG_WARN_INFINITE_RECURSION = YES;
				CLANG_WARN_INT_CONVERSION = YES;
				CLANG_WARN_OBJC_ROOT_CLASS = YES_ERROR;
				CLANG_WARN_SUSPICIOUS_MOVE = YES;
				CLANG_WARN_UNREACHABLE_CODE = YES;
				CLANG_WARN__DUPLICATE_METHOD_MATCH = YES;
				"CODE_SIGN_IDENTITY[sdk=iphoneos*]" = "iPhone Developer";
				COPY_PHASE_STRIP = NO;
				DEBUG_INFORMATION_FORMAT = dwarf;
				ENABLE_STRICT_OBJC_MSGSEND = YES;
				ENABLE_TESTABILITY = YES;
				GCC_C_LANGUAGE_STANDARD = gnu99;
				GCC_DYNAMIC_NO_PIC = NO;
				GCC_NO_COMMON_BLOCKS = YES;
				GCC_OPTIMIZATION_LEVEL = 0;
				GCC_PREPROCESSOR_DEFINITIONS = (
					"DEBUG=1",
					"$(inherited)",
				);
				GCC_WARN_64_TO_32_BIT_CONVERSION = YES;
				GCC_WARN_ABOUT_RETURN_TYPE = YES_ERROR;
				GCC_WARN_UNDECLARED_SELECTOR = YES;
				GCC_WARN_UNINITIALIZED_AUTOS = YES_AGGRESSIVE;
				GCC_WARN_UNUSED_FUNCTION = YES;
				GCC_WARN_UNUSED_VARIABLE = YES;
				IPHONEOS_DEPLOYMENT_TARGET = 10.3;
				MTL_ENABLE_DEBUG_INFO = YES;
				ONLY_ACTIVE_ARCH = YES;
				SDKROOT = iphoneos;
			};
			name = Debug;
		};
		661D47301EFCFFA00075CA2F /* Release */ = {
			isa = XCBuildConfiguration;
			buildSettings = {
				ALWAYS_SEARCH_USER_PATHS = NO;
				CLANG_ANALYZER_NONNULL = YES;
				CLANG_ANALYZER_NUMBER_OBJECT_CONVERSION = YES_AGGRESSIVE;
				CLANG_CXX_LANGUAGE_STANDARD = "gnu++0x";
				CLANG_CXX_LIBRARY = "libc++";
				CLANG_ENABLE_MODULES = YES;
				CLANG_ENABLE_OBJC_ARC = YES;
				CLANG_WARN_BOOL_CONVERSION = YES;
				CLANG_WARN_CONSTANT_CONVERSION = YES;
				CLANG_WARN_DIRECT_OBJC_ISA_USAGE = YES_ERROR;
				CLANG_WARN_DOCUMENTATION_COMMENTS = YES;
				CLANG_WARN_EMPTY_BODY = YES;
				CLANG_WARN_ENUM_CONVERSION = YES;
				CLANG_WARN_INFINITE_RECURSION = YES;
				CLANG_WARN_INT_CONVERSION = YES;
				CLANG_WARN_OBJC_ROOT_CLASS = YES_ERROR;
				CLANG_WARN_SUSPICIOUS_MOVE = YES;
				CLANG_WARN_UNREACHABLE_CODE = YES;
				CLANG_WARN__DUPLICATE_METHOD_MATCH = YES;
				"CODE_SIGN_IDENTITY[sdk=iphoneos*]" = "iPhone Developer";
				COPY_PHASE_STRIP = NO;
				DEBUG_INFORMATION_FORMAT = "dwarf-with-dsym";
				ENABLE_NS_ASSERTIONS = NO;
				ENABLE_STRICT_OBJC_MSGSEND = YES;
				GCC_C_LANGUAGE_STANDARD = gnu99;
				GCC_NO_COMMON_BLOCKS = YES;
				GCC_WARN_64_TO_32_BIT_CONVERSION = YES;
				GCC_WARN_ABOUT_RETURN_TYPE = YES_ERROR;
				GCC_WARN_UNDECLARED_SELECTOR = YES;
				GCC_WARN_UNINITIALIZED_AUTOS = YES_AGGRESSIVE;
				GCC_WARN_UNUSED_FUNCTION = YES;
				GCC_WARN_UNUSED_VARIABLE = YES;
				IPHONEOS_DEPLOYMENT_TARGET = 10.3;
				MTL_ENABLE_DEBUG_INFO = NO;
				SDKROOT = iphoneos;
				VALIDATE_PRODUCT = YES;
			};
			name = Release;
		};
		661D47321EFCFFA00075CA2F /* Debug */ = {
			isa = XCBuildConfiguration;
			buildSettings = {
				ASSETCATALOG_COMPILER_APPICON_NAME = AppIcon;
				DEVELOPMENT_TEAM = "";
				INFOPLIST_FILE = "SDWebImage(仿)/Info.plist";
				LD_RUNPATH_SEARCH_PATHS = "$(inherited) @executable_path/Frameworks";
				PRODUCT_BUNDLE_IDENTIFIER = "ios.zzx.com.SDWebImage---";
				PRODUCT_NAME = "$(TARGET_NAME)";
			};
			name = Debug;
		};
		661D47331EFCFFA00075CA2F /* Release */ = {
			isa = XCBuildConfiguration;
			buildSettings = {
				ASSETCATALOG_COMPILER_APPICON_NAME = AppIcon;
				DEVELOPMENT_TEAM = "";
				INFOPLIST_FILE = "SDWebImage(仿)/Info.plist";
				LD_RUNPATH_SEARCH_PATHS = "$(inherited) @executable_path/Frameworks";
				PRODUCT_BUNDLE_IDENTIFIER = "ios.zzx.com.SDWebImage---";
				PRODUCT_NAME = "$(TARGET_NAME)";
			};
			name = Release;
		};
/* End XCBuildConfiguration section */

/* Begin XCConfigurationList section */
		661D47151EFCFFA00075CA2F /* Build configuration list for PBXProject "SDWebImage(仿)" */ = {
			isa = XCConfigurationList;
			buildConfigurations = (
				661D472F1EFCFFA00075CA2F /* Debug */,
				661D47301EFCFFA00075CA2F /* Release */,
			);
			defaultConfigurationIsVisible = 0;
			defaultConfigurationName = Release;
		};
		661D47311EFCFFA00075CA2F /* Build configuration list for PBXNativeTarget "SDWebImage(仿)" */ = {
			isa = XCConfigurationList;
			buildConfigurations = (
				661D47321EFCFFA00075CA2F /* Debug */,
				661D47331EFCFFA00075CA2F /* Release */,
			);
			defaultConfigurationIsVisible = 0;
			defaultConfigurationName = Release;
		};
/* End XCConfigurationList section */
	};
	rootObject = 661D47121EFCFFA00075CA2F /* Project object */;
}
